
Microsoft Visual Studio Solution File, Format Version 12.00
# Visual Studio 15
Project("{FAE04EC0-301F-11D3-BF4B-00C04F79EFBC}") = "Assembly-CSharp", "Assembly-CSharp.csproj", "{1ADF753B-9738-06CC-18D0-BB8FFD4E19BA}"
EndProject
Project("{FAE04EC0-301F-11D3-BF4B-00C04F79EFBC}") = "Assembly-CSharp-Editor", "Assembly-CSharp-Editor.csproj", "{1D1B0B30-9DCC-5165-E0B3-E478B22368FF}"
EndProject
Global
	GlobalSection(SolutionConfigurationPlatforms) = preSolution
		Debug|Any CPU = Debug|Any CPU
		Release|Any CPU = Release|Any CPU
	EndGlobalSection
	GlobalSection(ProjectConfigurationPlatforms) = postSolution
		{1ADF753B-9738-06CC-18D0-BB8FFD4E19BA}.Debug|Any CPU.ActiveCfg = Debug|Any CPU
		{1ADF753B-9738-06CC-18D0-BB8FFD4E19BA}.Debug|Any CPU.Build.0 = Debug|Any CPU
		{1ADF753B-9738-06CC-18D0-BB8FFD4E19BA}.Release|Any CPU.ActiveCfg = Release|Any CPU
		{1ADF753B-9738-06CC-18D0-BB8FFD4E19BA}.Release|Any CPU.Build.0 = Release|Any CPU
		{1D1B0B30-9DCC-5165-E0B3-E478B22368FF}.Debug|Any CPU.ActiveCfg = Debug|Any CPU
		{1D1B0B30-9DCC-5165-E0B3-E478B22368FF}.Debug|Any CPU.Build.0 = Debug|Any CPU
		{1D1B0B30-9DCC-5165-E0B3-E478B22368FF}.Release|Any CPU.ActiveCfg = Release|Any CPU
		{1D1B0B30-9DCC-5165-E0B3-E478B22368FF}.Release|Any CPU.Build.0 = Release|Any CPU
	EndGlobalSection
	GlobalSection(SolutionProperties) = preSolution
		HideSolutionNode = FALSE
	EndGlobalSection
EndGlobal
